// !$*UTF8*$!
{
	archiveVersion = 1;
	classes = {
	};
	objectVersion = 51;
	objects = {

/* Begin PBXBuildFile section */
		522C773922AFF05D00CC3EFE /* AppDelegate.swift in Sources */ = {isa = PBXBuildFile; fileRef = 522C773822AFF05D00CC3EFE /* AppDelegate.swift */; };
		522C773B22AFF05D00CC3EFE /* mainPageVC.swift in Sources */ = {isa = PBXBuildFile; fileRef = 522C773A22AFF05D00CC3EFE /* mainPageVC.swift */; };
		522C773E22AFF05D00CC3EFE /* Main.storyboard in Resources */ = {isa = PBXBuildFile; fileRef = 522C773C22AFF05D00CC3EFE /* Main.storyboard */; };
		522C774022AFF05E00CC3EFE /* Assets.xcassets in Resources */ = {isa = PBXBuildFile; fileRef = 522C773F22AFF05E00CC3EFE /* Assets.xcassets */; };
		522C774322AFF05E00CC3EFE /* LaunchScreen.storyboard in Resources */ = {isa = PBXBuildFile; fileRef = 522C774122AFF05E00CC3EFE /* LaunchScreen.storyboard */; };
		522C775122B0000700CC3EFE /* placesVC.swift in Sources */ = {isa = PBXBuildFile; fileRef = 522C775022B0000700CC3EFE /* placesVC.swift */; };
		522C775522B0054800CC3EFE /* venuesTableViewCell.swift in Sources */ = {isa = PBXBuildFile; fileRef = 522C775422B0054800CC3EFE /* venuesTableViewCell.swift */; };
		522C775722B0067F00CC3EFE /* venuesModel.swift in Sources */ = {isa = PBXBuildFile; fileRef = 522C775622B0067F00CC3EFE /* venuesModel.swift */; };
		522C777B22B00DD200CC3EFE /* detailsVC.swift in Sources */ = {isa = PBXBuildFile; fileRef = 522C777A22B00DD200CC3EFE /* detailsVC.swift */; };
		522C777D22B0110900CC3EFE /* tipsTableViewCell.swift in Sources */ = {isa = PBXBuildFile; fileRef = 522C777C22B0110900CC3EFE /* tipsTableViewCell.swift */; };
		522C777F22B02D8100CC3EFE /* globalVariables.swift in Sources */ = {isa = PBXBuildFile; fileRef = 522C777E22B02D8100CC3EFE /* globalVariables.swift */; };
		972182F7A3D116A5C10D1A65 /* Pods_fours.framework in Frameworks */ = {isa = PBXBuildFile; fileRef = DDEAE8FCB82A9D7B66378428 /* Pods_fours.framework */; };
/* End PBXBuildFile section */

/* Begin PBXFileReference section */
		107C67A3F356855CE6F83CA1 /* Pods-fours.debug.xcconfig */ = {isa = PBXFileReference; includeInIndex = 1; lastKnownFileType = text.xcconfig; name = "Pods-fours.debug.xcconfig"; path = "Target Support Files/Pods-fours/Pods-fours.debug.xcconfig"; sourceTree = "<group>"; };
		482DAE3D7B62A5B271BCE60B /* Pods-fours.release.xcconfig */ = {isa = PBXFileReference; includeInIndex = 1; lastKnownFileType = text.xcconfig; name = "Pods-fours.release.xcconfig"; path = "Target Support Files/Pods-fours/Pods-fours.release.xcconfig"; sourceTree = "<group>"; };
		522C773522AFF05D00CC3EFE /* fours.app */ = {isa = PBXFileReference; explicitFileType = wrapper.application; includeInIndex = 0; path = fours.app; sourceTree = BUILT_PRODUCTS_DIR; };
		522C773822AFF05D00CC3EFE /* AppDelegate.swift */ = {isa = PBXFileReference; lastKnownFileType = sourcecode.swift; path = AppDelegate.swift; sourceTree = "<group>"; };
		522C773A22AFF05D00CC3EFE /* mainPageVC.swift */ = {isa = PBXFileReference; lastKnownFileType = sourcecode.swift; path = mainPageVC.swift; sourceTree = "<group>"; };
		522C773D22AFF05D00CC3EFE /* Base */ = {isa = PBXFileReference; lastKnownFileType = file.storyboard; name = Base; path = Base.lproj/Main.storyboard; sourceTree = "<group>"; };
		522C773F22AFF05E00CC3EFE /* Assets.xcassets */ = {isa = PBXFileReference; lastKnownFileType = folder.assetcatalog; path = Assets.xcassets; sourceTree = "<group>"; };
		522C774222AFF05E00CC3EFE /* Base */ = {isa = PBXFileReference; lastKnownFileType = file.storyboard; name = Base; path = Base.lproj/LaunchScreen.storyboard; sourceTree = "<group>"; };
		522C774422AFF05E00CC3EFE /* Info.plist */ = {isa = PBXFileReference; lastKnownFileType = text.plist.xml; path = Info.plist; sourceTree = "<group>"; };
		522C775022B0000700CC3EFE /* placesVC.swift */ = {isa = PBXFileReference; lastKnownFileType = sourcecode.swift; path = placesVC.swift; sourceTree = "<group>"; };
		522C775422B0054800CC3EFE /* venuesTableViewCell.swift */ = {isa = PBXFileReference; lastKnownFileType = sourcecode.swift; name = venuesTableViewCell.swift; path = ../venuesTableViewCell.swift; sourceTree = "<group>"; };
		522C775622B0067F00CC3EFE /* venuesModel.swift */ = {isa = PBXFileReference; lastKnownFileType = sourcecode.swift; path = venuesModel.swift; sourceTree = "<group>"; };
		522C777A22B00DD200CC3EFE /* detailsVC.swift */ = {isa = PBXFileReference; lastKnownFileType = sourcecode.swift; path = detailsVC.swift; sourceTree = "<group>"; };
		522C777C22B0110900CC3EFE /* tipsTableViewCell.swift */ = {isa = PBXFileReference; lastKnownFileType = sourcecode.swift; path = tipsTableViewCell.swift; sourceTree = "<group>"; };
		522C777E22B02D8100CC3EFE /* globalVariables.swift */ = {isa = PBXFileReference; lastKnownFileType = sourcecode.swift; path = globalVariables.swift; sourceTree = "<group>"; };
		DDEAE8FCB82A9D7B66378428 /* Pods_fours.framework */ = {isa = PBXFileReference; explicitFileType = wrapper.framework; includeInIndex = 0; path = Pods_fours.framework; sourceTree = BUILT_PRODUCTS_DIR; };
/* End PBXFileReference section */

/* Begin PBXFrameworksBuildPhase section */
		522C773222AFF05D00CC3EFE /* Frameworks */ = {
			isa = PBXFrameworksBuildPhase;
			buildActionMask = 2147483647;
			files = (
				972182F7A3D116A5C10D1A65 /* Pods_fours.framework in Frameworks */,
			);
			runOnlyForDeploymentPostprocessing = 0;
		};
/* End PBXFrameworksBuildPhase section */

/* Begin PBXGroup section */
		522C772C22AFF05D00CC3EFE = {
			isa = PBXGroup;
			children = (
				522C773722AFF05D00CC3EFE /* fours */,
				522C773622AFF05D00CC3EFE /* Products */,
				934EB986470294CCE6035115 /* Pods */,
				B807F52818D7E072CA9F52F8 /* Frameworks */,
			);
			sourceTree = "<group>";
		};
		522C773622AFF05D00CC3EFE /* Products */ = {
			isa = PBXGroup;
			children = (
				522C773522AFF05D00CC3EFE /* fours.app */,
			);
			name = Products;
			sourceTree = "<group>";
		};
		522C773722AFF05D00CC3EFE /* fours */ = {
			isa = PBXGroup;
			children = (
				522C773822AFF05D00CC3EFE /* AppDelegate.swift */,
				522C773C22AFF05D00CC3EFE /* Main.storyboard */,
				522C773A22AFF05D00CC3EFE /* mainPageVC.swift */,
				522C775022B0000700CC3EFE /* placesVC.swift */,
				522C777A22B00DD200CC3EFE /* detailsVC.swift */,
				522C777E22B02D8100CC3EFE /* globalVariables.swift */,
				522C775622B0067F00CC3EFE /* venuesModel.swift */,
				522C777C22B0110900CC3EFE /* tipsTableViewCell.swift */,
				522C775422B0054800CC3EFE /* venuesTableViewCell.swift */,
				522C773F22AFF05E00CC3EFE /* Assets.xcassets */,
				522C774122AFF05E00CC3EFE /* LaunchScreen.storyboard */,
				522C774422AFF05E00CC3EFE /* Info.plist */,
			);
			path = fours;
			sourceTree = "<group>";
		};
		934EB986470294CCE6035115 /* Pods */ = {
			isa = PBXGroup;
			children = (
				107C67A3F356855CE6F83CA1 /* Pods-fours.debug.xcconfig */,
				482DAE3D7B62A5B271BCE60B /* Pods-fours.release.xcconfig */,
			);
			path = Pods;
			sourceTree = "<group>";
		};
		B807F52818D7E072CA9F52F8 /* Frameworks */ = {
			isa = PBXGroup;
			children = (
				DDEAE8FCB82A9D7B66378428 /* Pods_fours.framework */,
			);
			name = Frameworks;
			sourceTree = "<group>";
		};
/* End PBXGroup section */

/* Begin PBXNativeTarget section */
		522C773422AFF05D00CC3EFE /* fours */ = {
			isa = PBXNativeTarget;
			buildConfigurationList = 522C774722AFF05E00CC3EFE /* Build configuration list for PBXNativeTarget "fours" */;
			buildPhases = (
				830FEEB3B0B0F36B12119E44 /* [CP] Check Pods Manifest.lock */,
				522C773122AFF05D00CC3EFE /* Sources */,
				522C773222AFF05D00CC3EFE /* Frameworks */,
				522C773322AFF05D00CC3EFE /* Resources */,
				6BFA86EF8E36FF1321B94CF0 /* [CP] Embed Pods Frameworks */,
			);
			buildRules = (
			);
			dependencies = (
			);
			name = fours;
			productName = fours;
			productReference = 522C773522AFF05D00CC3EFE /* fours.app */;
			productType = "com.apple.product-type.application";
		};
/* End PBXNativeTarget section */

/* Begin PBXProject section */
		522C772D22AFF05D00CC3EFE /* Project object */ = {
			isa = PBXProject;
			attributes = {
				LastSwiftUpdateCheck = 1020;
				LastUpgradeCheck = 1020;
				ORGANIZATIONNAME = "Samet Dogru";
				TargetAttributes = {
					522C773422AFF05D00CC3EFE = {
						CreatedOnToolsVersion = 10.2.1;
					};
				};
			};
			buildConfigurationList = 522C773022AFF05D00CC3EFE /* Build configuration list for PBXProject "fours" */;
			compatibilityVersion = "Xcode 9.3";
			developmentRegion = en;
			hasScannedForEncodings = 0;
			knownRegions = (
				en,
				Base,
			);
			mainGroup = 522C772C22AFF05D00CC3EFE;
			productRefGroup = 522C773622AFF05D00CC3EFE /* Products */;
			projectDirPath = "";
			projectRoot = "";
			targets = (
				522C773422AFF05D00CC3EFE /* fours */,
			);
		};
/* End PBXProject section */

/* Begin PBXResourcesBuildPhase section */
		522C773322AFF05D00CC3EFE /* Resources */ = {
			isa = PBXResourcesBuildPhase;
			buildActionMask = 2147483647;
			files = (
				522C774322AFF05E00CC3EFE /* LaunchScreen.storyboard in Resources */,
				522C774022AFF05E00CC3EFE /* Assets.xcassets in Resources */,
				522C773E22AFF05D00CC3EFE /* Main.storyboard in Resources */,
			);
			runOnlyForDeploymentPostprocessing = 0;
		};
/* End PBXResourcesBuildPhase section */

/* Begin PBXShellScriptBuildPhase section */
		6BFA86EF8E36FF1321B94CF0 /* [CP] Embed Pods Frameworks */ = {
			isa = PBXShellScriptBuildPhase;
			buildActionMask = 2147483647;
			files = (
			);
			inputFileListPaths = (
				"${PODS_ROOT}/Target Support Files/Pods-fours/Pods-fours-frameworks-${CONFIGURATION}-input-files.xcfilelist",
			);
			name = "[CP] Embed Pods Frameworks";
			outputFileListPaths = (
				"${PODS_ROOT}/Target Support Files/Pods-fours/Pods-fours-frameworks-${CONFIGURATION}-output-files.xcfilelist",
			);
			runOnlyForDeploymentPostprocessing = 0;
			shellPath = /bin/sh;
			shellScript = "\"${PODS_ROOT}/Target Support Files/Pods-fours/Pods-fours-frameworks.sh\"\n";
			showEnvVarsInLog = 0;
		};
		830FEEB3B0B0F36B12119E44 /* [CP] Check Pods Manifest.lock */ = {
			isa = PBXShellScriptBuildPhase;
			buildActionMask = 2147483647;
			files = (
			);
			inputFileListPaths = (
			);
			inputPaths = (
				"${PODS_PODFILE_DIR_PATH}/Podfile.lock",
				"${PODS_ROOT}/Manifest.lock",
			);
			name = "[CP] Check Pods Manifest.lock";
			outputFileListPaths = (
			);
			outputPaths = (
				"$(DERIVED_FILE_DIR)/Pods-fours-checkManifestLockResult.txt",
			);
			runOnlyForDeploymentPostprocessing = 0;
			shellPath = /bin/sh;
			shellScript = "diff \"${PODS_PODFILE_DIR_PATH}/Podfile.lock\" \"${PODS_ROOT}/Manifest.lock\" > /dev/null\nif [ $? != 0 ] ; then\n    # print error to STDERR\n    echo \"error: The sandbox is not in sync with the Podfile.lock. Run 'pod install' or update your CocoaPods installation.\" >&2\n    exit 1\nfi\n# This output is used by Xcode 'outputs' to avoid re-running this script phase.\necho \"SUCCESS\" > \"${SCRIPT_OUTPUT_FILE_0}\"\n";
			showEnvVarsInLog = 0;
		};
/* End PBXShellScriptBuildPhase section */

/* Begin PBXSourcesBuildPhase section */
		522C773122AFF05D00CC3EFE /* Sources */ = {
			isa = PBXSourcesBuildPhase;
			buildActionMask = 2147483647;
			files = (
				522C773B22AFF05D00CC3EFE /* mainPageVC.swift in Sources */,
				522C777B22B00DD200CC3EFE /* detailsVC.swift in Sources */,
				522C777F22B02D8100CC3EFE /* globalVariables.swift in Sources */,
				522C773922AFF05D00CC3EFE /* AppDelegate.swift in Sources */,
				522C777D22B0110900CC3EFE /* tipsTableViewCell.swift in Sources */,
				522C775122B0000700CC3EFE /* placesVC.swift in Sources */,
				522C775522B0054800CC3EFE /* venuesTableViewCell.swift in Sources */,
				522C775722B0067F00CC3EFE /* venuesModel.swift in Sources */,
			);
			runOnlyForDeploymentPostprocessing = 0;
		};
/* End PBXSourcesBuildPhase section */

/* Begin PBXVariantGroup section */
		522C773C22AFF05D00CC3EFE /* Main.storyboard */ = {
			isa = PBXVariantGroup;
			children = (
				522C773D22AFF05D00CC3EFE /* Base */,
			);
			name = Main.storyboard;
			sourceTree = "<group>";
		};
		522C774122AFF05E00CC3EFE /* LaunchScreen.storyboard */ = {
			isa = PBXVariantGroup;
			children = (
				522C774222AFF05E00CC3EFE /* Base */,
			);
			name = LaunchScreen.storyboard;
			sourceTree = "<group>";
		};
/* End PBXVariantGroup section */

/* Begin XCBuildConfiguration section */
		522C774522AFF05E00CC3EFE /* Debug */ = {
			isa = XCBuildConfiguration;
			buildSettings = {
				ALWAYS_SEARCH_USER_PATHS = NO;
				CLANG_ANALYZER_NONNULL = YES;
				CLANG_ANALYZER_NUMBER_OBJECT_CONVERSION = YES_AGGRESSIVE;
				CLANG_CXX_LANGUAGE_STANDARD = "gnu++14";
				CLANG_CXX_LIBRARY = "libc++";
				CLANG_ENABLE_MODULES = YES;
				CLANG_ENABLE_OBJC_ARC = YES;
				CLANG_ENABLE_OBJC_WEAK = YES;
				CLANG_WARN_BLOCK_CAPTURE_AUTORELEASING = YES;
				CLANG_WARN_BOOL_CONVERSION = YES;
				CLANG_WARN_COMMA = YES;
				CLANG_WARN_CONSTANT_CONVERSION = YES;
				CLANG_WARN_DEPRECATED_OBJC_IMPLEMENTATIONS = YES;
				CLANG_WARN_DIRECT_OBJC_ISA_USAGE = YES_ERROR;
				CLANG_WARN_DOCUMENTATION_COMMENTS = YES;
				CLANG_WARN_EMPTY_BODY = YES;
				CLANG_WARN_ENUM_CONVERSION = YES;
				CLANG_WARN_INFINITE_RECURSION = YES;
				CLANG_WARN_INT_CONVERSION = YES;
				CLANG_WARN_NON_LITERAL_NULL_CONVERSION = YES;
				CLANG_WARN_OBJC_IMPLICIT_RETAIN_SELF = YES;
				CLANG_WARN_OBJC_LITERAL_CONVERSION = YES;
				CLANG_WARN_OBJC_ROOT_CLASS = YES_ERROR;
				CLANG_WARN_RANGE_LOOP_ANALYSIS = YES;
				CLANG_WARN_STRICT_PROTOTYPES = YES;
				CLANG_WARN_SUSPICIOUS_MOVE = YES;
				CLANG_WARN_UNGUARDED_AVAILABILITY = YES_AGGRESSIVE;
				CLANG_WARN_UNREACHABLE_CODE = YES;
				CLANG_WARN__DUPLICATE_METHOD_MATCH = YES;
				CODE_SIGN_IDENTITY = "iPhone Developer";
				COPY_PHASE_STRIP = NO;
				DEBUG_INFORMATION_FORMAT = dwarf;
				ENABLE_STRICT_OBJC_MSGSEND = YES;
				ENABLE_TESTABILITY = YES;
				GCC_C_LANGUAGE_STANDARD = gnu11;
				GCC_DYNAMIC_NO_PIC = NO;
				GCC_NO_COMMON_BLOCKS = YES;
				GCC_OPTIMIZATION_LEVEL = 0;
				GCC_PREPROCESSOR_DEFINITIONS = (
					"DEBUG=1",
					"$(inherited)",
				);
				GCC_WARN_64_TO_32_BIT_CONVERSION = YES;
				GCC_WARN_ABOUT_RETURN_TYPE = YES_ERROR;
				GCC_WARN_UNDECLARED_SELECTOR = YES;
				GCC_WARN_UNINITIALIZED_AUTOS = YES_AGGRESSIVE;
				GCC_WARN_UNUSED_FUNCTION = YES;
				GCC_WARN_UNUSED_VARIABLE = YES;
				IPHONEOS_DEPLOYMENT_TARGET = 12.2;
				MTL_ENABLE_DEBUG_INFO = INCLUDE_SOURCE;
				MTL_FAST_MATH = YES;
				ONLY_ACTIVE_ARCH = YES;
				SDKROOT = iphoneos;
				SWIFT_ACTIVE_COMPILATION_CONDITIONS = DEBUG;
				SWIFT_OPTIMIZATION_LEVEL = "-Onone";
			};
			name = Debug;
		};
		522C774622AFF05E00CC3EFE /* Release */ = {
			isa = XCBuildConfiguration;
			buildSettings = {
				ALWAYS_SEARCH_USER_PATHS = NO;
				CLANG_ANALYZER_NONNULL = YES;
				CLANG_ANALYZER_NUMBER_OBJECT_CONVERSION = YES_AGGRESSIVE;
				CLANG_CXX_LANGUAGE_STANDARD = "gnu++14";
				CLANG_CXX_LIBRARY = "libc++";
				CLANG_ENABLE_MODULES = YES;
				CLANG_ENABLE_OBJC_ARC = YES;
				CLANG_ENABLE_OBJC_WEAK = YES;
				CLANG_WARN_BLOCK_CAPTURE_AUTORELEASING = YES;
				CLANG_WARN_BOOL_CONVERSION = YES;
				CLANG_WARN_COMMA = YES;
				CLANG_WARN_CONSTANT_CONVERSION = YES;
				CLANG_WARN_DEPRECATED_OBJC_IMPLEMENTATIONS = YES;
				CLANG_WARN_DIRECT_OBJC_ISA_USAGE = YES_ERROR;
				CLANG_WARN_DOCUMENTATION_COMMENTS = YES;
				CLANG_WARN_EMPTY_BODY = YES;
				CLANG_WARN_ENUM_CONVERSION = YES;
				CLANG_WARN_INFINITE_RECURSION = YES;
				CLANG_WARN_INT_CONVERSION = YES;
				CLANG_WARN_NON_LITERAL_NULL_CONVERSION = YES;
				CLANG_WARN_OBJC_IMPLICIT_RETAIN_SELF = YES;
				CLANG_WARN_OBJC_LITERAL_CONVERSION = YES;
				CLANG_WARN_OBJC_ROOT_CLASS = YES_ERROR;
				CLANG_WARN_RANGE_LOOP_ANALYSIS = YES;
				CLANG_WARN_STRICT_PROTOTYPES = YES;
				CLANG_WARN_SUSPICIOUS_MOVE = YES;
				CLANG_WARN_UNGUARDED_AVAILABILITY = YES_AGGRESSIVE;
				CLANG_WARN_UNREACHABLE_CODE = YES;
				CLANG_WARN__DUPLICATE_METHOD_MATCH = YES;
				CODE_SIGN_IDENTITY = "iPhone Developer";
				COPY_PHASE_STRIP = NO;
				DEBUG_INFORMATION_FORMAT = "dwarf-with-dsym";
				ENABLE_NS_ASSERTIONS = NO;
				ENABLE_STRICT_OBJC_MSGSEND = YES;
				GCC_C_LANGUAGE_STANDARD = gnu11;
				GCC_NO_COMMON_BLOCKS = YES;
				GCC_WARN_64_TO_32_BIT_CONVERSION = YES;
				GCC_WARN_ABOUT_RETURN_TYPE = YES_ERROR;
				GCC_WARN_UNDECLARED_SELECTOR = YES;
				GCC_WARN_UNINITIALIZED_AUTOS = YES_AGGRESSIVE;
				GCC_WARN_UNUSED_FUNCTION = YES;
				GCC_WARN_UNUSED_VARIABLE = YES;
				IPHONEOS_DEPLOYMENT_TARGET = 12.2;
				MTL_ENABLE_DEBUG_INFO = NO;
				MTL_FAST_MATH = YES;
				SDKROOT = iphoneos;
				SWIFT_COMPILATION_MODE = wholemodule;
				SWIFT_OPTIMIZATION_LEVEL = "-O";
				VALIDATE_PRODUCT = YES;
			};
			name = Release;
		};
		522C774822AFF05E00CC3EFE /* Debug */ = {
			isa = XCBuildConfiguration;
			baseConfigurationReference = 107C67A3F356855CE6F83CA1 /* Pods-fours.debug.xcconfig */;
			buildSettings = {
				ASSETCATALOG_COMPILER_APPICON_NAME = AppIcon;
				CODE_SIGN_STYLE = Automatic;
				INFOPLIST_FILE = fours/Info.plist;
				IPHONEOS_DEPLOYMENT_TARGET = 11.3;
				LD_RUNPATH_SEARCH_PATHS = (
					"$(inherited)",
					"@executable_path/Frameworks",
				);
				PRODUCT_BUNDLE_IDENTIFIER = samet.fours;
				PRODUCT_NAME = "$(TARGET_NAME)";
				SWIFT_VERSION = 5.0;
				TARGETED_DEVICE_FAMILY = "1,2";
			};
			name = Debug;
		};
		522C774922AFF05E00CC3EFE /* Release */ = {
			isa = XCBuildConfiguration;
			baseConfigurationReference = 482DAE3D7B62A5B271BCE60B /* Pods-fours.release.xcconfig */;
			buildSettings = {
				ASSETCATALOG_COMPILER_APPICON_NAME = AppIcon;
				CODE_SIGN_STYLE = Automatic;
				INFOPLIST_FILE = fours/Info.plist;
				IPHONEOS_DEPLOYMENT_TARGET = 11.3;
				LD_RUNPATH_SEARCH_PATHS = (
					"$(inherited)",
					"@executable_path/Frameworks",
				);
				PRODUCT_BUNDLE_IDENTIFIER = samet.fours;
				PRODUCT_NAME = "$(TARGET_NAME)";
				SWIFT_VERSION = 5.0;
				TARGETED_DEVICE_FAMILY = "1,2";
			};
			name = Release;
		};
/* End XCBuildConfiguration section */

/* Begin XCConfigurationList section */
		522C773022AFF05D00CC3EFE /* Build configuration list for PBXProject "fours" */ = {
			isa = XCConfigurationList;
			buildConfigurations = (
				522C774522AFF05E00CC3EFE /* Debug */,
				522C774622AFF05E00CC3EFE /* Release */,
			);
			defaultConfigurationIsVisible = 0;
			defaultConfigurationName = Release;
		};
		522C774722AFF05E00CC3EFE /* Build configuration list for PBXNativeTarget "fours" */ = {
			isa = XCConfigurationList;
			buildConfigurations = (
				522C774822AFF05E00CC3EFE /* Debug */,
				522C774922AFF05E00CC3EFE /* Release */,
			);
			defaultConfigurationIsVisible = 0;
			defaultConfigurationName = Release;
		};
/* End XCConfigurationList section */
	};
	rootObject = 522C772D22AFF05D00CC3EFE /* Project object */;
}
